
Microsoft Visual Studio Solution File, Format Version 11.00
# Visual Studio 2010
Project("{FAE04EC0-301F-11D3-BF4B-00C04F79EFBC}") = "CAMT_IOS", "CAMT_IOS\CAMT_IOS.csproj", "{9F98315D-CA33-4C1F-BE3C-0A365075972F}"
EndProject
Global
	GlobalSection(SolutionConfigurationPlatforms) = preSolution
		Debug|iPhoneSimulator = Debug|iPhoneSimulator
		Release|iPhoneSimulator = Release|iPhoneSimulator
		Debug|iPhone = Debug|iPhone
		Release|iPhone = Release|iPhone
		Ad-Hoc|iPhone = Ad-Hoc|iPhone
		AppStore|iPhone = AppStore|iPhone
	EndGlobalSection
	GlobalSection(ProjectConfigurationPlatforms) = postSolution
		{9F98315D-CA33-4C1F-BE3C-0A365075972F}.Ad-Hoc|iPhone.ActiveCfg = Ad-Hoc|iPhone
		{9F98315D-CA33-4C1F-BE3C-0A365075972F}.Ad-Hoc|iPhone.Build.0 = Ad-Hoc|iPhone
		{9F98315D-CA33-4C1F-BE3C-0A365075972F}.AppStore|iPhone.ActiveCfg = AppStore|iPhone
		{9F98315D-CA33-4C1F-BE3C-0A365075972F}.AppStore|iPhone.Build.0 = AppStore|iPhone
		{9F98315D-CA33-4C1F-BE3C-0A365075972F}.Debug|iPhone.ActiveCfg = Debug|iPhone
		{9F98315D-CA33-4C1F-BE3C-0A365075972F}.Debug|iPhone.Build.0 = Debug|iPhone
		{9F98315D-CA33-4C1F-BE3C-0A365075972F}.Debug|iPhoneSimulator.ActiveCfg = Debug|iPhoneSimulator
		{9F98315D-CA33-4C1F-BE3C-0A365075972F}.Debug|iPhoneSimulator.Build.0 = Debug|iPhoneSimulator
		{9F98315D-CA33-4C1F-BE3C-0A365075972F}.Release|iPhone.ActiveCfg = Release|iPhone
		{9F98315D-CA33-4C1F-BE3C-0A365075972F}.Release|iPhone.Build.0 = Release|iPhone
		{9F98315D-CA33-4C1F-BE3C-0A365075972F}.Release|iPhoneSimulator.ActiveCfg = Release|iPhoneSimulator
		{9F98315D-CA33-4C1F-BE3C-0A365075972F}.Release|iPhoneSimulator.Build.0 = Release|iPhoneSimulator
	EndGlobalSection
	GlobalSection(MonoDevelopProperties) = preSolution
		StartupItem = CAMT_IOS\CAMT_IOS.csproj
	EndGlobalSection
EndGlobal
